
Microsoft Visual Studio Solution File, Format Version 12.00
Project("{FAE04EC0-301F-11D3-BF4B-00C04F79EFBC}") = "Micros.Api", "src\Micros.Api\Micros.Api.csproj", "{504958B6-B69E-42B5-BEF4-276872BE7995}"
EndProject
Project("{FAE04EC0-301F-11D3-BF4B-00C04F79EFBC}") = "Micros.TgBot", "src\Micros.TgBot\Micros.TgBot.csproj", "{45396050-B581-4686-9895-02E025DF15EA}"
EndProject
Project("{FAE04EC0-301F-11D3-BF4B-00C04F79EFBC}") = "Micros.Core", "src\Micros.Core\Micros.Core.csproj", "{FCA5C67F-1921-4736-9F0B-C1F3559B1715}"
EndProject
Project("{FAE04EC0-301F-11D3-BF4B-00C04F79EFBC}") = "Micros.HHParser", "src\Micros.HHParser\Micros.HHParser.csproj", "{40DDF7A8-D315-4D74-9B7A-3F5797169398}"
EndProject
Project("{2150E333-8FDC-42A3-9474-1A3956D46DE8}") = "tests", "tests", "{0AB3BF05-4346-4AA6-1389-037BE0695223}"
EndProject
Project("{FAE04EC0-301F-11D3-BF4B-00C04F79EFBC}") = "Micros.Api.Tests", "tests\Micros.Api.Tests\Micros.Api.Tests.csproj", "{CCACE749-6A43-438F-909E-2FE439827847}"
EndProject
Project("{2150E333-8FDC-42A3-9474-1A3956D46DE8}") = "src", "src", "{827E0CD3-B72D-47B6-A68D-7590B98EB39B}"
EndProject
Project("{FAE04EC0-301F-11D3-BF4B-00C04F79EFBC}") = "Micros.Scheduler", "src\Micros.Scheduler\Micros.Scheduler.csproj", "{A29FAB93-1841-4480-8514-0B0CABC8BEA7}"
EndProject
Project("{FAE04EC0-301F-11D3-BF4B-00C04F79EFBC}") = "Micros.HHParser.Tests", "tests\Micros.HHParser.Tests\Micros.HHParser.Tests.csproj", "{43817D64-E397-4B42-AF0B-C1511C01546C}"
EndProject
Global
	GlobalSection(SolutionConfigurationPlatforms) = preSolution
		Debug|Any CPU = Debug|Any CPU
		Debug|x64 = Debug|x64
		Debug|x86 = Debug|x86
		Release|Any CPU = Release|Any CPU
		Release|x64 = Release|x64
		Release|x86 = Release|x86
	EndGlobalSection
	GlobalSection(ProjectConfigurationPlatforms) = postSolution
		{504958B6-B69E-42B5-BEF4-276872BE7995}.Debug|Any CPU.ActiveCfg = Debug|Any CPU
		{504958B6-B69E-42B5-BEF4-276872BE7995}.Debug|Any CPU.Build.0 = Debug|Any CPU
		{504958B6-B69E-42B5-BEF4-276872BE7995}.Debug|x64.ActiveCfg = Debug|Any CPU
		{504958B6-B69E-42B5-BEF4-276872BE7995}.Debug|x64.Build.0 = Debug|Any CPU
		{504958B6-B69E-42B5-BEF4-276872BE7995}.Debug|x86.ActiveCfg = Debug|Any CPU
		{504958B6-B69E-42B5-BEF4-276872BE7995}.Debug|x86.Build.0 = Debug|Any CPU
		{504958B6-B69E-42B5-BEF4-276872BE7995}.Release|Any CPU.ActiveCfg = Release|Any CPU
		{504958B6-B69E-42B5-BEF4-276872BE7995}.Release|Any CPU.Build.0 = Release|Any CPU
		{504958B6-B69E-42B5-BEF4-276872BE7995}.Release|x64.ActiveCfg = Release|Any CPU
		{504958B6-B69E-42B5-BEF4-276872BE7995}.Release|x64.Build.0 = Release|Any CPU
		{504958B6-B69E-42B5-BEF4-276872BE7995}.Release|x86.ActiveCfg = Release|Any CPU
		{504958B6-B69E-42B5-BEF4-276872BE7995}.Release|x86.Build.0 = Release|Any CPU
		{45396050-B581-4686-9895-02E025DF15EA}.Debug|Any CPU.ActiveCfg = Debug|Any CPU
		{45396050-B581-4686-9895-02E025DF15EA}.Debug|Any CPU.Build.0 = Debug|Any CPU
		{45396050-B581-4686-9895-02E025DF15EA}.Debug|x64.ActiveCfg = Debug|Any CPU
		{45396050-B581-4686-9895-02E025DF15EA}.Debug|x64.Build.0 = Debug|Any CPU
		{45396050-B581-4686-9895-02E025DF15EA}.Debug|x86.ActiveCfg = Debug|Any CPU
		{45396050-B581-4686-9895-02E025DF15EA}.Debug|x86.Build.0 = Debug|Any CPU
		{45396050-B581-4686-9895-02E025DF15EA}.Release|Any CPU.ActiveCfg = Release|Any CPU
		{45396050-B581-4686-9895-02E025DF15EA}.Release|Any CPU.Build.0 = Release|Any CPU
		{45396050-B581-4686-9895-02E025DF15EA}.Release|x64.ActiveCfg = Release|Any CPU
		{45396050-B581-4686-9895-02E025DF15EA}.Release|x64.Build.0 = Release|Any CPU
		{45396050-B581-4686-9895-02E025DF15EA}.Release|x86.ActiveCfg = Release|Any CPU
		{45396050-B581-4686-9895-02E025DF15EA}.Release|x86.Build.0 = Release|Any CPU
		{FCA5C67F-1921-4736-9F0B-C1F3559B1715}.Debug|Any CPU.ActiveCfg = Debug|Any CPU
		{FCA5C67F-1921-4736-9F0B-C1F3559B1715}.Debug|Any CPU.Build.0 = Debug|Any CPU
		{FCA5C67F-1921-4736-9F0B-C1F3559B1715}.Debug|x64.ActiveCfg = Debug|Any CPU
		{FCA5C67F-1921-4736-9F0B-C1F3559B1715}.Debug|x64.Build.0 = Debug|Any CPU
		{FCA5C67F-1921-4736-9F0B-C1F3559B1715}.Debug|x86.ActiveCfg = Debug|Any CPU
		{FCA5C67F-1921-4736-9F0B-C1F3559B1715}.Debug|x86.Build.0 = Debug|Any CPU
		{FCA5C67F-1921-4736-9F0B-C1F3559B1715}.Release|Any CPU.ActiveCfg = Release|Any CPU
		{FCA5C67F-1921-4736-9F0B-C1F3559B1715}.Release|Any CPU.Build.0 = Release|Any CPU
		{FCA5C67F-1921-4736-9F0B-C1F3559B1715}.Release|x64.ActiveCfg = Release|Any CPU
		{FCA5C67F-1921-4736-9F0B-C1F3559B1715}.Release|x64.Build.0 = Release|Any CPU
		{FCA5C67F-1921-4736-9F0B-C1F3559B1715}.Release|x86.ActiveCfg = Release|Any CPU
		{FCA5C67F-1921-4736-9F0B-C1F3559B1715}.Release|x86.Build.0 = Release|Any CPU
		{40DDF7A8-D315-4D74-9B7A-3F5797169398}.Debug|Any CPU.ActiveCfg = Debug|Any CPU
		{40DDF7A8-D315-4D74-9B7A-3F5797169398}.Debug|Any CPU.Build.0 = Debug|Any CPU
		{40DDF7A8-D315-4D74-9B7A-3F5797169398}.Debug|x64.ActiveCfg = Debug|Any CPU
		{40DDF7A8-D315-4D74-9B7A-3F5797169398}.Debug|x64.Build.0 = Debug|Any CPU
		{40DDF7A8-D315-4D74-9B7A-3F5797169398}.Debug|x86.ActiveCfg = Debug|Any CPU
		{40DDF7A8-D315-4D74-9B7A-3F5797169398}.Debug|x86.Build.0 = Debug|Any CPU
		{40DDF7A8-D315-4D74-9B7A-3F5797169398}.Release|Any CPU.ActiveCfg = Release|Any CPU
		{40DDF7A8-D315-4D74-9B7A-3F5797169398}.Release|Any CPU.Build.0 = Release|Any CPU
		{40DDF7A8-D315-4D74-9B7A-3F5797169398}.Release|x64.ActiveCfg = Release|Any CPU
		{40DDF7A8-D315-4D74-9B7A-3F5797169398}.Release|x64.Build.0 = Release|Any CPU
		{40DDF7A8-D315-4D74-9B7A-3F5797169398}.Release|x86.ActiveCfg = Release|Any CPU
		{40DDF7A8-D315-4D74-9B7A-3F5797169398}.Release|x86.Build.0 = Release|Any CPU
		{CCACE749-6A43-438F-909E-2FE439827847}.Debug|Any CPU.ActiveCfg = Debug|Any CPU
		{CCACE749-6A43-438F-909E-2FE439827847}.Debug|Any CPU.Build.0 = Debug|Any CPU
		{CCACE749-6A43-438F-909E-2FE439827847}.Debug|x64.ActiveCfg = Debug|Any CPU
		{CCACE749-6A43-438F-909E-2FE439827847}.Debug|x64.Build.0 = Debug|Any CPU
		{CCACE749-6A43-438F-909E-2FE439827847}.Debug|x86.ActiveCfg = Debug|Any CPU
		{CCACE749-6A43-438F-909E-2FE439827847}.Debug|x86.Build.0 = Debug|Any CPU
		{CCACE749-6A43-438F-909E-2FE439827847}.Release|Any CPU.ActiveCfg = Release|Any CPU
		{CCACE749-6A43-438F-909E-2FE439827847}.Release|Any CPU.Build.0 = Release|Any CPU
		{CCACE749-6A43-438F-909E-2FE439827847}.Release|x64.ActiveCfg = Release|Any CPU
		{CCACE749-6A43-438F-909E-2FE439827847}.Release|x64.Build.0 = Release|Any CPU
		{CCACE749-6A43-438F-909E-2FE439827847}.Release|x86.ActiveCfg = Release|Any CPU
		{CCACE749-6A43-438F-909E-2FE439827847}.Release|x86.Build.0 = Release|Any CPU
		{A29FAB93-1841-4480-8514-0B0CABC8BEA7}.Debug|Any CPU.ActiveCfg = Debug|Any CPU
		{A29FAB93-1841-4480-8514-0B0CABC8BEA7}.Debug|Any CPU.Build.0 = Debug|Any CPU
		{A29FAB93-1841-4480-8514-0B0CABC8BEA7}.Debug|x64.ActiveCfg = Debug|Any CPU
		{A29FAB93-1841-4480-8514-0B0CABC8BEA7}.Debug|x64.Build.0 = Debug|Any CPU
		{A29FAB93-1841-4480-8514-0B0CABC8BEA7}.Debug|x86.ActiveCfg = Debug|Any CPU
		{A29FAB93-1841-4480-8514-0B0CABC8BEA7}.Debug|x86.Build.0 = Debug|Any CPU
		{A29FAB93-1841-4480-8514-0B0CABC8BEA7}.Release|Any CPU.ActiveCfg = Release|Any CPU
		{A29FAB93-1841-4480-8514-0B0CABC8BEA7}.Release|Any CPU.Build.0 = Release|Any CPU
		{A29FAB93-1841-4480-8514-0B0CABC8BEA7}.Release|x64.ActiveCfg = Release|Any CPU
		{A29FAB93-1841-4480-8514-0B0CABC8BEA7}.Release|x64.Build.0 = Release|Any CPU
		{A29FAB93-1841-4480-8514-0B0CABC8BEA7}.Release|x86.ActiveCfg = Release|Any CPU
		{A29FAB93-1841-4480-8514-0B0CABC8BEA7}.Release|x86.Build.0 = Release|Any CPU
		{43817D64-E397-4B42-AF0B-C1511C01546C}.Debug|Any CPU.ActiveCfg = Debug|Any CPU
		{43817D64-E397-4B42-AF0B-C1511C01546C}.Debug|Any CPU.Build.0 = Debug|Any CPU
		{43817D64-E397-4B42-AF0B-C1511C01546C}.Debug|x64.ActiveCfg = Debug|Any CPU
		{43817D64-E397-4B42-AF0B-C1511C01546C}.Debug|x64.Build.0 = Debug|Any CPU
		{43817D64-E397-4B42-AF0B-C1511C01546C}.Debug|x86.ActiveCfg = Debug|Any CPU
		{43817D64-E397-4B42-AF0B-C1511C01546C}.Debug|x86.Build.0 = Debug|Any CPU
		{43817D64-E397-4B42-AF0B-C1511C01546C}.Release|Any CPU.ActiveCfg = Release|Any CPU
		{43817D64-E397-4B42-AF0B-C1511C01546C}.Release|Any CPU.Build.0 = Release|Any CPU
		{43817D64-E397-4B42-AF0B-C1511C01546C}.Release|x64.ActiveCfg = Release|Any CPU
		{43817D64-E397-4B42-AF0B-C1511C01546C}.Release|x64.Build.0 = Release|Any CPU
		{43817D64-E397-4B42-AF0B-C1511C01546C}.Release|x86.ActiveCfg = Release|Any CPU
		{43817D64-E397-4B42-AF0B-C1511C01546C}.Release|x86.Build.0 = Release|Any CPU
	EndGlobalSection
	GlobalSection(SolutionProperties) = preSolution
		HideSolutionNode = FALSE
	EndGlobalSection
	GlobalSection(NestedProjects) = preSolution
		{CCACE749-6A43-438F-909E-2FE439827847} = {0AB3BF05-4346-4AA6-1389-037BE0695223}
		{43817D64-E397-4B42-AF0B-C1511C01546C} = {0AB3BF05-4346-4AA6-1389-037BE0695223}
	EndGlobalSection
EndGlobal
